
Microsoft Visual Studio Solution File, Format Version 12.00
# Visual Studio Version 17
VisualStudioVersion = 17.0.31903.59
MinimumVisualStudioVersion = 10.0.40219.1
Project("{2150E333-8FDC-42A3-9474-1A3956D46DE8}") = "src", "src", "{BF2DA611-98D9-410F-8211-E3FDBDB0F158}"
EndProject
Project("{FAE04EC0-301F-11D3-BF4B-00C04F79EFBC}") = "CashFlow.API", "src\CashFlow.API\CashFlow.API.csproj", "{4ECB724A-78BD-4D1A-B33A-E51E6E0FB69A}"
EndProject
Project("{FAE04EC0-301F-11D3-BF4B-00C04F79EFBC}") = "CashFlow.Application", "src\CashFlow.Application\CashFlow.Application.csproj", "{9DA2DE70-2A4F-4E24-9194-1B737002C251}"
EndProject
Project("{FAE04EC0-301F-11D3-BF4B-00C04F79EFBC}") = "CashFlow.Communication", "src\CashFlow.Communication\CashFlow.Communication.csproj", "{E5DAD0A7-FACC-431A-96EE-2C8358827EDD}"
EndProject
Project("{FAE04EC0-301F-11D3-BF4B-00C04F79EFBC}") = "CashFlow.Domain", "src\CashFlow.Domain\CashFlow.Domain.csproj", "{8F79283C-B620-4553-B275-A66524C22E0B}"
EndProject
Project("{FAE04EC0-301F-11D3-BF4B-00C04F79EFBC}") = "CashFlow.Exception", "src\CashFlow.Exception\CashFlow.Exception.csproj", "{0BA65F8E-844F-4FD3-ACD8-B5A8C611208D}"
EndProject
Project("{FAE04EC0-301F-11D3-BF4B-00C04F79EFBC}") = "CashFlow.Infrastructure", "src\CashFlow.Infrastructure\CashFlow.Infrastructure.csproj", "{53110E60-0FEC-4040-9CB1-FC460DCA324B}"
EndProject
Project("{2150E333-8FDC-42A3-9474-1A3956D46DE8}") = "tests", "tests", "{FA390545-42C3-42D4-8411-A235948BBA17}"
EndProject
Project("{FAE04EC0-301F-11D3-BF4B-00C04F79EFBC}") = "Validators.Test", "tests\Validators.Test\Validators.Test.csproj", "{604C4B5A-C4DF-4F76-AAD8-CBD6AAD95178}"
EndProject
Project("{FAE04EC0-301F-11D3-BF4B-00C04F79EFBC}") = "CommonTestUtilities", "tests\CommonTestUtilities\CommonTestUtilities.csproj", "{18CAAAF4-FA37-49CF-A00A-C2EBE128E513}"
EndProject
Project("{FAE04EC0-301F-11D3-BF4B-00C04F79EFBC}") = "UseCases.Test", "tests\UseCases.Test\UseCases.Test.csproj", "{B9C42FAC-3E86-4A3C-85FA-73B81985085E}"
EndProject
Project("{FAE04EC0-301F-11D3-BF4B-00C04F79EFBC}") = "WebApi.Test", "tests\WebApi.Test\WebApi.Test.csproj", "{FFB5EA1C-BF42-496B-8F54-C9B43A7C4A62}"
EndProject
Global
	GlobalSection(SolutionConfigurationPlatforms) = preSolution
		Debug|Any CPU = Debug|Any CPU
		Release|Any CPU = Release|Any CPU
	EndGlobalSection
	GlobalSection(SolutionProperties) = preSolution
		HideSolutionNode = FALSE
	EndGlobalSection
	GlobalSection(ProjectConfigurationPlatforms) = postSolution
		{4ECB724A-78BD-4D1A-B33A-E51E6E0FB69A}.Debug|Any CPU.ActiveCfg = Debug|Any CPU
		{4ECB724A-78BD-4D1A-B33A-E51E6E0FB69A}.Debug|Any CPU.Build.0 = Debug|Any CPU
		{4ECB724A-78BD-4D1A-B33A-E51E6E0FB69A}.Release|Any CPU.ActiveCfg = Release|Any CPU
		{4ECB724A-78BD-4D1A-B33A-E51E6E0FB69A}.Release|Any CPU.Build.0 = Release|Any CPU
		{9DA2DE70-2A4F-4E24-9194-1B737002C251}.Debug|Any CPU.ActiveCfg = Debug|Any CPU
		{9DA2DE70-2A4F-4E24-9194-1B737002C251}.Debug|Any CPU.Build.0 = Debug|Any CPU
		{9DA2DE70-2A4F-4E24-9194-1B737002C251}.Release|Any CPU.ActiveCfg = Release|Any CPU
		{9DA2DE70-2A4F-4E24-9194-1B737002C251}.Release|Any CPU.Build.0 = Release|Any CPU
		{E5DAD0A7-FACC-431A-96EE-2C8358827EDD}.Debug|Any CPU.ActiveCfg = Debug|Any CPU
		{E5DAD0A7-FACC-431A-96EE-2C8358827EDD}.Debug|Any CPU.Build.0 = Debug|Any CPU
		{E5DAD0A7-FACC-431A-96EE-2C8358827EDD}.Release|Any CPU.ActiveCfg = Release|Any CPU
		{E5DAD0A7-FACC-431A-96EE-2C8358827EDD}.Release|Any CPU.Build.0 = Release|Any CPU
		{8F79283C-B620-4553-B275-A66524C22E0B}.Debug|Any CPU.ActiveCfg = Debug|Any CPU
		{8F79283C-B620-4553-B275-A66524C22E0B}.Debug|Any CPU.Build.0 = Debug|Any CPU
		{8F79283C-B620-4553-B275-A66524C22E0B}.Release|Any CPU.ActiveCfg = Release|Any CPU
		{8F79283C-B620-4553-B275-A66524C22E0B}.Release|Any CPU.Build.0 = Release|Any CPU
		{0BA65F8E-844F-4FD3-ACD8-B5A8C611208D}.Debug|Any CPU.ActiveCfg = Debug|Any CPU
		{0BA65F8E-844F-4FD3-ACD8-B5A8C611208D}.Debug|Any CPU.Build.0 = Debug|Any CPU
		{0BA65F8E-844F-4FD3-ACD8-B5A8C611208D}.Release|Any CPU.ActiveCfg = Release|Any CPU
		{0BA65F8E-844F-4FD3-ACD8-B5A8C611208D}.Release|Any CPU.Build.0 = Release|Any CPU
		{53110E60-0FEC-4040-9CB1-FC460DCA324B}.Debug|Any CPU.ActiveCfg = Debug|Any CPU
		{53110E60-0FEC-4040-9CB1-FC460DCA324B}.Debug|Any CPU.Build.0 = Debug|Any CPU
		{53110E60-0FEC-4040-9CB1-FC460DCA324B}.Release|Any CPU.ActiveCfg = Release|Any CPU
		{53110E60-0FEC-4040-9CB1-FC460DCA324B}.Release|Any CPU.Build.0 = Release|Any CPU
		{604C4B5A-C4DF-4F76-AAD8-CBD6AAD95178}.Debug|Any CPU.ActiveCfg = Debug|Any CPU
		{604C4B5A-C4DF-4F76-AAD8-CBD6AAD95178}.Debug|Any CPU.Build.0 = Debug|Any CPU
		{604C4B5A-C4DF-4F76-AAD8-CBD6AAD95178}.Release|Any CPU.ActiveCfg = Release|Any CPU
		{604C4B5A-C4DF-4F76-AAD8-CBD6AAD95178}.Release|Any CPU.Build.0 = Release|Any CPU
		{18CAAAF4-FA37-49CF-A00A-C2EBE128E513}.Debug|Any CPU.ActiveCfg = Debug|Any CPU
		{18CAAAF4-FA37-49CF-A00A-C2EBE128E513}.Debug|Any CPU.Build.0 = Debug|Any CPU
		{18CAAAF4-FA37-49CF-A00A-C2EBE128E513}.Release|Any CPU.ActiveCfg = Release|Any CPU
		{18CAAAF4-FA37-49CF-A00A-C2EBE128E513}.Release|Any CPU.Build.0 = Release|Any CPU
		{B9C42FAC-3E86-4A3C-85FA-73B81985085E}.Debug|Any CPU.ActiveCfg = Debug|Any CPU
		{B9C42FAC-3E86-4A3C-85FA-73B81985085E}.Debug|Any CPU.Build.0 = Debug|Any CPU
		{B9C42FAC-3E86-4A3C-85FA-73B81985085E}.Release|Any CPU.ActiveCfg = Release|Any CPU
		{B9C42FAC-3E86-4A3C-85FA-73B81985085E}.Release|Any CPU.Build.0 = Release|Any CPU
		{FFB5EA1C-BF42-496B-8F54-C9B43A7C4A62}.Debug|Any CPU.ActiveCfg = Debug|Any CPU
		{FFB5EA1C-BF42-496B-8F54-C9B43A7C4A62}.Debug|Any CPU.Build.0 = Debug|Any CPU
		{FFB5EA1C-BF42-496B-8F54-C9B43A7C4A62}.Release|Any CPU.ActiveCfg = Release|Any CPU
		{FFB5EA1C-BF42-496B-8F54-C9B43A7C4A62}.Release|Any CPU.Build.0 = Release|Any CPU
	EndGlobalSection
	GlobalSection(NestedProjects) = preSolution
		{4ECB724A-78BD-4D1A-B33A-E51E6E0FB69A} = {BF2DA611-98D9-410F-8211-E3FDBDB0F158}
		{9DA2DE70-2A4F-4E24-9194-1B737002C251} = {BF2DA611-98D9-410F-8211-E3FDBDB0F158}
		{E5DAD0A7-FACC-431A-96EE-2C8358827EDD} = {BF2DA611-98D9-410F-8211-E3FDBDB0F158}
		{8F79283C-B620-4553-B275-A66524C22E0B} = {BF2DA611-98D9-410F-8211-E3FDBDB0F158}
		{0BA65F8E-844F-4FD3-ACD8-B5A8C611208D} = {BF2DA611-98D9-410F-8211-E3FDBDB0F158}
		{53110E60-0FEC-4040-9CB1-FC460DCA324B} = {BF2DA611-98D9-410F-8211-E3FDBDB0F158}
		{604C4B5A-C4DF-4F76-AAD8-CBD6AAD95178} = {FA390545-42C3-42D4-8411-A235948BBA17}
		{18CAAAF4-FA37-49CF-A00A-C2EBE128E513} = {FA390545-42C3-42D4-8411-A235948BBA17}
		{B9C42FAC-3E86-4A3C-85FA-73B81985085E} = {FA390545-42C3-42D4-8411-A235948BBA17}
		{FFB5EA1C-BF42-496B-8F54-C9B43A7C4A62} = {FA390545-42C3-42D4-8411-A235948BBA17}
	EndGlobalSection
EndGlobal
